// !$*UTF8*$!
{
	archiveVersion = 1;
	classes = {
	};
	objectVersion = 56;
	objects = {

/* Begin PBXBuildFile section */
		952148092A44807800EF5E65 /* AzureSpeech2App.swift in Sources */ = {isa = PBXBuildFile; fileRef = 952148082A44807800EF5E65 /* AzureSpeech2App.swift */; };
		9521480B2A44807800EF5E65 /* ContentView.swift in Sources */ = {isa = PBXBuildFile; fileRef = 9521480A2A44807800EF5E65 /* ContentView.swift */; };
		9521480D2A44807900EF5E65 /* Assets.xcassets in Resources */ = {isa = PBXBuildFile; fileRef = 9521480C2A44807900EF5E65 /* Assets.xcassets */; };
		952148102A44807900EF5E65 /* Preview Assets.xcassets in Resources */ = {isa = PBXBuildFile; fileRef = 9521480F2A44807900EF5E65 /* Preview Assets.xcassets */; };
		9521481A2A44807900EF5E65 /* AzureSpeech2Tests.swift in Sources */ = {isa = PBXBuildFile; fileRef = 952148192A44807900EF5E65 /* AzureSpeech2Tests.swift */; };
		952148242A44807900EF5E65 /* AzureSpeech2UITests.swift in Sources */ = {isa = PBXBuildFile; fileRef = 952148232A44807900EF5E65 /* AzureSpeech2UITests.swift */; };
		952148262A44807900EF5E65 /* AzureSpeech2UITestsLaunchTests.swift in Sources */ = {isa = PBXBuildFile; fileRef = 952148252A44807900EF5E65 /* AzureSpeech2UITestsLaunchTests.swift */; };
		952148342A4480A500EF5E65 /* MicrosoftCognitiveServicesSpeech.xcframework in Frameworks */ = {isa = PBXBuildFile; fileRef = 952148322A44809F00EF5E65 /* MicrosoftCognitiveServicesSpeech.xcframework */; };
		952148352A4480A500EF5E65 /* MicrosoftCognitiveServicesSpeech.xcframework in Embed Frameworks */ = {isa = PBXBuildFile; fileRef = 952148322A44809F00EF5E65 /* MicrosoftCognitiveServicesSpeech.xcframework */; settings = {ATTRIBUTES = (CodeSignOnCopy, RemoveHeadersOnCopy, ); }; };
		952148382A4480DD00EF5E65 /* SpeechService.swift in Sources */ = {isa = PBXBuildFile; fileRef = 952148372A4480DD00EF5E65 /* SpeechService.swift */; };
		9521483A2A44814000EF5E65 /* AudioRecorder.swift in Sources */ = {isa = PBXBuildFile; fileRef = 952148392A44813F00EF5E65 /* AudioRecorder.swift */; };
		9521483C2A44815900EF5E65 /* Language.swift in Sources */ = {isa = PBXBuildFile; fileRef = 9521483B2A44815900EF5E65 /* Language.swift */; };
		9521483E2A44816D00EF5E65 /* TextFileDocument.swift in Sources */ = {isa = PBXBuildFile; fileRef = 9521483D2A44816D00EF5E65 /* TextFileDocument.swift */; };
/* End PBXBuildFile section */

/* Begin PBXContainerItemProxy section */
		952148162A44807900EF5E65 /* PBXContainerItemProxy */ = {
			isa = PBXContainerItemProxy;
			containerPortal = 952147FD2A44807800EF5E65 /* Project object */;
			proxyType = 1;
			remoteGlobalIDString = 952148042A44807800EF5E65;
			remoteInfo = AzureSpeech2;
		};
		952148202A44807900EF5E65 /* PBXContainerItemProxy */ = {
			isa = PBXContainerItemProxy;
			containerPortal = 952147FD2A44807800EF5E65 /* Project object */;
			proxyType = 1;
			remoteGlobalIDString = 952148042A44807800EF5E65;
			remoteInfo = AzureSpeech2;
		};
/* End PBXContainerItemProxy section */

/* Begin PBXCopyFilesBuildPhase section */
		952148362A4480A600EF5E65 /* Embed Frameworks */ = {
			isa = PBXCopyFilesBuildPhase;
			buildActionMask = 2147483647;
			dstPath = "";
			dstSubfolderSpec = 10;
			files = (
				952148352A4480A500EF5E65 /* MicrosoftCognitiveServicesSpeech.xcframework in Embed Frameworks */,
			);
			name = "Embed Frameworks";
			runOnlyForDeploymentPostprocessing = 0;
		};
/* End PBXCopyFilesBuildPhase section */

/* Begin PBXFileReference section */
		952148052A44807800EF5E65 /* AzureSpeech.app */ = {isa = PBXFileReference; explicitFileType = wrapper.application; includeInIndex = 0; path = AzureSpeech.app; sourceTree = BUILT_PRODUCTS_DIR; };
		952148082A44807800EF5E65 /* AzureSpeech2App.swift */ = {isa = PBXFileReference; lastKnownFileType = sourcecode.swift; path = AzureSpeech2App.swift; sourceTree = "<group>"; };
		9521480A2A44807800EF5E65 /* ContentView.swift */ = {isa = PBXFileReference; lastKnownFileType = sourcecode.swift; path = ContentView.swift; sourceTree = "<group>"; };
		9521480C2A44807900EF5E65 /* Assets.xcassets */ = {isa = PBXFileReference; lastKnownFileType = folder.assetcatalog; path = Assets.xcassets; sourceTree = "<group>"; };
		9521480F2A44807900EF5E65 /* Preview Assets.xcassets */ = {isa = PBXFileReference; lastKnownFileType = folder.assetcatalog; path = "Preview Assets.xcassets"; sourceTree = "<group>"; };
		952148152A44807900EF5E65 /* AzureSpeechTests.xctest */ = {isa = PBXFileReference; explicitFileType = wrapper.cfbundle; includeInIndex = 0; path = AzureSpeechTests.xctest; sourceTree = BUILT_PRODUCTS_DIR; };
		952148192A44807900EF5E65 /* AzureSpeech2Tests.swift */ = {isa = PBXFileReference; lastKnownFileType = sourcecode.swift; path = AzureSpeech2Tests.swift; sourceTree = "<group>"; };
		9521481F2A44807900EF5E65 /* AzureSpeechUITests.xctest */ = {isa = PBXFileReference; explicitFileType = wrapper.cfbundle; includeInIndex = 0; path = AzureSpeechUITests.xctest; sourceTree = BUILT_PRODUCTS_DIR; };
		952148232A44807900EF5E65 /* AzureSpeech2UITests.swift */ = {isa = PBXFileReference; lastKnownFileType = sourcecode.swift; path = AzureSpeech2UITests.swift; sourceTree = "<group>"; };
		952148252A44807900EF5E65 /* AzureSpeech2UITestsLaunchTests.swift */ = {isa = PBXFileReference; lastKnownFileType = sourcecode.swift; path = AzureSpeech2UITestsLaunchTests.swift; sourceTree = "<group>"; };
		952148322A44809F00EF5E65 /* MicrosoftCognitiveServicesSpeech.xcframework */ = {isa = PBXFileReference; lastKnownFileType = wrapper.xcframework; name = MicrosoftCognitiveServicesSpeech.xcframework; path = "../../../../../../Downloads/MicrosoftCognitiveServicesSpeech-XCFramework-1.29.0 (1)/MicrosoftCognitiveServicesSpeech.xcframework"; sourceTree = "<group>"; };
		952148372A4480DD00EF5E65 /* SpeechService.swift */ = {isa = PBXFileReference; lastKnownFileType = sourcecode.swift; path = SpeechService.swift; sourceTree = "<group>"; };
		952148392A44813F00EF5E65 /* AudioRecorder.swift */ = {isa = PBXFileReference; lastKnownFileType = sourcecode.swift; path = AudioRecorder.swift; sourceTree = "<group>"; };
		9521483B2A44815900EF5E65 /* Language.swift */ = {isa = PBXFileReference; lastKnownFileType = sourcecode.swift; path = Language.swift; sourceTree = "<group>"; };
		9521483D2A44816D00EF5E65 /* TextFileDocument.swift */ = {isa = PBXFileReference; lastKnownFileType = sourcecode.swift; path = TextFileDocument.swift; sourceTree = "<group>"; };
/* End PBXFileReference section */

/* Begin PBXFrameworksBuildPhase section */
		952148022A44807800EF5E65 /* Frameworks */ = {
			isa = PBXFrameworksBuildPhase;
			buildActionMask = 2147483647;
			files = (
				952148342A4480A500EF5E65 /* MicrosoftCognitiveServicesSpeech.xcframework in Frameworks */,
			);
			runOnlyForDeploymentPostprocessing = 0;
		};
		952148122A44807900EF5E65 /* Frameworks */ = {
			isa = PBXFrameworksBuildPhase;
			buildActionMask = 2147483647;
			files = (
			);
			runOnlyForDeploymentPostprocessing = 0;
		};
		9521481C2A44807900EF5E65 /* Frameworks */ = {
			isa = PBXFrameworksBuildPhase;
			buildActionMask = 2147483647;
			files = (
			);
			runOnlyForDeploymentPostprocessing = 0;
		};
/* End PBXFrameworksBuildPhase section */

/* Begin PBXGroup section */
		952147FC2A44807800EF5E65 = {
			isa = PBXGroup;
			children = (
				952148322A44809F00EF5E65 /* MicrosoftCognitiveServicesSpeech.xcframework */,
				952148072A44807800EF5E65 /* AzureSpeech2 */,
				952148182A44807900EF5E65 /* AzureSpeech2Tests */,
				952148222A44807900EF5E65 /* AzureSpeech2UITests */,
				952148062A44807800EF5E65 /* Products */,
			);
			sourceTree = "<group>";
		};
		952148062A44807800EF5E65 /* Products */ = {
			isa = PBXGroup;
			children = (
				952148052A44807800EF5E65 /* AzureSpeech.app */,
				952148152A44807900EF5E65 /* AzureSpeechTests.xctest */,
				9521481F2A44807900EF5E65 /* AzureSpeechUITests.xctest */,
			);
			name = Products;
			sourceTree = "<group>";
		};
		952148072A44807800EF5E65 /* AzureSpeech2 */ = {
			isa = PBXGroup;
			children = (
				952148372A4480DD00EF5E65 /* SpeechService.swift */,
				952148082A44807800EF5E65 /* AzureSpeech2App.swift */,
				9521480A2A44807800EF5E65 /* ContentView.swift */,
				952148392A44813F00EF5E65 /* AudioRecorder.swift */,
				9521483B2A44815900EF5E65 /* Language.swift */,
				9521483D2A44816D00EF5E65 /* TextFileDocument.swift */,
				9521480C2A44807900EF5E65 /* Assets.xcassets */,
				9521480E2A44807900EF5E65 /* Preview Content */,
			);
			path = AzureSpeech2;
			sourceTree = "<group>";
		};
		9521480E2A44807900EF5E65 /* Preview Content */ = {
			isa = PBXGroup;
			children = (
				9521480F2A44807900EF5E65 /* Preview Assets.xcassets */,
			);
			path = "Preview Content";
			sourceTree = "<group>";
		};
		952148182A44807900EF5E65 /* AzureSpeech2Tests */ = {
			isa = PBXGroup;
			children = (
				952148192A44807900EF5E65 /* AzureSpeech2Tests.swift */,
			);
			path = AzureSpeech2Tests;
			sourceTree = "<group>";
		};
		952148222A44807900EF5E65 /* AzureSpeech2UITests */ = {
			isa = PBXGroup;
			children = (
				952148232A44807900EF5E65 /* AzureSpeech2UITests.swift */,
				952148252A44807900EF5E65 /* AzureSpeech2UITestsLaunchTests.swift */,
			);
			path = AzureSpeech2UITests;
			sourceTree = "<group>";
		};
/* End PBXGroup section */

/* Begin PBXNativeTarget section */
		952148042A44807800EF5E65 /* AzureSpeech */ = {
			isa = PBXNativeTarget;
			buildConfigurationList = 952148292A44807900EF5E65 /* Build configuration list for PBXNativeTarget "AzureSpeech" */;
			buildPhases = (
				952148012A44807800EF5E65 /* Sources */,
				952148022A44807800EF5E65 /* Frameworks */,
				952148032A44807800EF5E65 /* Resources */,
				952148362A4480A600EF5E65 /* Embed Frameworks */,
			);
			buildRules = (
			);
			dependencies = (
			);
			name = AzureSpeech;
			productName = AzureSpeech2;
			productReference = 952148052A44807800EF5E65 /* AzureSpeech.app */;
			productType = "com.apple.product-type.application";
		};
		952148142A44807900EF5E65 /* AzureSpeechTests */ = {
			isa = PBXNativeTarget;
			buildConfigurationList = 9521482C2A44807900EF5E65 /* Build configuration list for PBXNativeTarget "AzureSpeechTests" */;
			buildPhases = (
				952148112A44807900EF5E65 /* Sources */,
				952148122A44807900EF5E65 /* Frameworks */,
				952148132A44807900EF5E65 /* Resources */,
			);
			buildRules = (
			);
			dependencies = (
				952148172A44807900EF5E65 /* PBXTargetDependency */,
			);
			name = AzureSpeechTests;
			productName = AzureSpeech2Tests;
			productReference = 952148152A44807900EF5E65 /* AzureSpeechTests.xctest */;
			productType = "com.apple.product-type.bundle.unit-test";
		};
		9521481E2A44807900EF5E65 /* AzureSpeechUITests */ = {
			isa = PBXNativeTarget;
			buildConfigurationList = 9521482F2A44807900EF5E65 /* Build configuration list for PBXNativeTarget "AzureSpeechUITests" */;
			buildPhases = (
				9521481B2A44807900EF5E65 /* Sources */,
				9521481C2A44807900EF5E65 /* Frameworks */,
				9521481D2A44807900EF5E65 /* Resources */,
			);
			buildRules = (
			);
			dependencies = (
				952148212A44807900EF5E65 /* PBXTargetDependency */,
			);
			name = AzureSpeechUITests;
			productName = AzureSpeech2UITests;
			productReference = 9521481F2A44807900EF5E65 /* AzureSpeechUITests.xctest */;
			productType = "com.apple.product-type.bundle.ui-testing";
		};
/* End PBXNativeTarget section */

/* Begin PBXProject section */
		952147FD2A44807800EF5E65 /* Project object */ = {
			isa = PBXProject;
			attributes = {
				BuildIndependentTargetsInParallel = 1;
				LastSwiftUpdateCheck = 1430;
				LastUpgradeCheck = 1430;
				TargetAttributes = {
					952148042A44807800EF5E65 = {
						CreatedOnToolsVersion = 14.3.1;
					};
					952148142A44807900EF5E65 = {
						CreatedOnToolsVersion = 14.3.1;
						TestTargetID = 952148042A44807800EF5E65;
					};
					9521481E2A44807900EF5E65 = {
						CreatedOnToolsVersion = 14.3.1;
						TestTargetID = 952148042A44807800EF5E65;
					};
				};
			};
			buildConfigurationList = 952148002A44807800EF5E65 /* Build configuration list for PBXProject "AzureSpeech" */;
			compatibilityVersion = "Xcode 14.0";
			developmentRegion = en;
			hasScannedForEncodings = 0;
			knownRegions = (
				en,
				Base,
			);
			mainGroup = 952147FC2A44807800EF5E65;
			productRefGroup = 952148062A44807800EF5E65 /* Products */;
			projectDirPath = "";
			projectRoot = "";
			targets = (
				952148042A44807800EF5E65 /* AzureSpeech */,
				952148142A44807900EF5E65 /* AzureSpeechTests */,
				9521481E2A44807900EF5E65 /* AzureSpeechUITests */,
			);
		};
/* End PBXProject section */

/* Begin PBXResourcesBuildPhase section */
		952148032A44807800EF5E65 /* Resources */ = {
			isa = PBXResourcesBuildPhase;
			buildActionMask = 2147483647;
			files = (
				952148102A44807900EF5E65 /* Preview Assets.xcassets in Resources */,
				9521480D2A44807900EF5E65 /* Assets.xcassets in Resources */,
			);
			runOnlyForDeploymentPostprocessing = 0;
		};
		952148132A44807900EF5E65 /* Resources */ = {
			isa = PBXResourcesBuildPhase;
			buildActionMask = 2147483647;
			files = (
			);
			runOnlyForDeploymentPostprocessing = 0;
		};
		9521481D2A44807900EF5E65 /* Resources */ = {
			isa = PBXResourcesBuildPhase;
			buildActionMask = 2147483647;
			files = (
			);
			runOnlyForDeploymentPostprocessing = 0;
		};
/* End PBXResourcesBuildPhase section */

/* Begin PBXSourcesBuildPhase section */
		952148012A44807800EF5E65 /* Sources */ = {
			isa = PBXSourcesBuildPhase;
			buildActionMask = 2147483647;
			files = (
				9521480B2A44807800EF5E65 /* ContentView.swift in Sources */,
				9521483C2A44815900EF5E65 /* Language.swift in Sources */,
				952148092A44807800EF5E65 /* AzureSpeech2App.swift in Sources */,
				9521483E2A44816D00EF5E65 /* TextFileDocument.swift in Sources */,
				9521483A2A44814000EF5E65 /* AudioRecorder.swift in Sources */,
				952148382A4480DD00EF5E65 /* SpeechService.swift in Sources */,
			);
			runOnlyForDeploymentPostprocessing = 0;
		};
		952148112A44807900EF5E65 /* Sources */ = {
			isa = PBXSourcesBuildPhase;
			buildActionMask = 2147483647;
			files = (
				9521481A2A44807900EF5E65 /* AzureSpeech2Tests.swift in Sources */,
			);
			runOnlyForDeploymentPostprocessing = 0;
		};
		9521481B2A44807900EF5E65 /* Sources */ = {
			isa = PBXSourcesBuildPhase;
			buildActionMask = 2147483647;
			files = (
				952148242A44807900EF5E65 /* AzureSpeech2UITests.swift in Sources */,
				952148262A44807900EF5E65 /* AzureSpeech2UITestsLaunchTests.swift in Sources */,
			);
			runOnlyForDeploymentPostprocessing = 0;
		};
/* End PBXSourcesBuildPhase section */

/* Begin PBXTargetDependency section */
		952148172A44807900EF5E65 /* PBXTargetDependency */ = {
			isa = PBXTargetDependency;
			target = 952148042A44807800EF5E65 /* AzureSpeech */;
			targetProxy = 952148162A44807900EF5E65 /* PBXContainerItemProxy */;
		};
		952148212A44807900EF5E65 /* PBXTargetDependency */ = {
			isa = PBXTargetDependency;
			target = 952148042A44807800EF5E65 /* AzureSpeech */;
			targetProxy = 952148202A44807900EF5E65 /* PBXContainerItemProxy */;
		};
/* End PBXTargetDependency section */

/* Begin XCBuildConfiguration section */
		952148272A44807900EF5E65 /* Debug */ = {
			isa = XCBuildConfiguration;
			buildSettings = {
				ALWAYS_SEARCH_USER_PATHS = NO;
				CLANG_ANALYZER_NONNULL = YES;
				CLANG_ANALYZER_NUMBER_OBJECT_CONVERSION = YES_AGGRESSIVE;
				CLANG_CXX_LANGUAGE_STANDARD = "gnu++20";
				CLANG_ENABLE_MODULES = YES;
				CLANG_ENABLE_OBJC_ARC = YES;
				CLANG_ENABLE_OBJC_WEAK = YES;
				CLANG_WARN_BLOCK_CAPTURE_AUTORELEASING = YES;
				CLANG_WARN_BOOL_CONVERSION = YES;
				CLANG_WARN_COMMA = YES;
				CLANG_WARN_CONSTANT_CONVERSION = YES;
				CLANG_WARN_DEPRECATED_OBJC_IMPLEMENTATIONS = YES;
				CLANG_WARN_DIRECT_OBJC_ISA_USAGE = YES_ERROR;
				CLANG_WARN_DOCUMENTATION_COMMENTS = YES;
				CLANG_WARN_EMPTY_BODY = YES;
				CLANG_WARN_ENUM_CONVERSION = YES;
				CLANG_WARN_INFINITE_RECURSION = YES;
				CLANG_WARN_INT_CONVERSION = YES;
				CLANG_WARN_NON_LITERAL_NULL_CONVERSION = YES;
				CLANG_WARN_OBJC_IMPLICIT_RETAIN_SELF = YES;
				CLANG_WARN_OBJC_LITERAL_CONVERSION = YES;
				CLANG_WARN_OBJC_ROOT_CLASS = YES_ERROR;
				CLANG_WARN_QUOTED_INCLUDE_IN_FRAMEWORK_HEADER = YES;
				CLANG_WARN_RANGE_LOOP_ANALYSIS = YES;
				CLANG_WARN_STRICT_PROTOTYPES = YES;
				CLANG_WARN_SUSPICIOUS_MOVE = YES;
				CLANG_WARN_UNGUARDED_AVAILABILITY = YES_AGGRESSIVE;
				CLANG_WARN_UNREACHABLE_CODE = YES;
				CLANG_WARN__DUPLICATE_METHOD_MATCH = YES;
				COPY_PHASE_STRIP = NO;
				DEBUG_INFORMATION_FORMAT = dwarf;
				ENABLE_STRICT_OBJC_MSGSEND = YES;
				ENABLE_TESTABILITY = YES;
				GCC_C_LANGUAGE_STANDARD = gnu11;
				GCC_DYNAMIC_NO_PIC = NO;
				GCC_NO_COMMON_BLOCKS = YES;
				GCC_OPTIMIZATION_LEVEL = 0;
				GCC_PREPROCESSOR_DEFINITIONS = (
					"DEBUG=1",
					"$(inherited)",
				);
				GCC_WARN_64_TO_32_BIT_CONVERSION = YES;
				GCC_WARN_ABOUT_RETURN_TYPE = YES_ERROR;
				GCC_WARN_UNDECLARED_SELECTOR = YES;
				GCC_WARN_UNINITIALIZED_AUTOS = YES_AGGRESSIVE;
				GCC_WARN_UNUSED_FUNCTION = YES;
				GCC_WARN_UNUSED_VARIABLE = YES;
				IPHONEOS_DEPLOYMENT_TARGET = 16.4;
				MTL_ENABLE_DEBUG_INFO = INCLUDE_SOURCE;
				MTL_FAST_MATH = YES;
				ONLY_ACTIVE_ARCH = YES;
				SDKROOT = iphoneos;
				SWIFT_ACTIVE_COMPILATION_CONDITIONS = DEBUG;
				SWIFT_OPTIMIZATION_LEVEL = "-Onone";
			};
			name = Debug;
		};
		952148282A44807900EF5E65 /* Release */ = {
			isa = XCBuildConfiguration;
			buildSettings = {
				ALWAYS_SEARCH_USER_PATHS = NO;
				CLANG_ANALYZER_NONNULL = YES;
				CLANG_ANALYZER_NUMBER_OBJECT_CONVERSION = YES_AGGRESSIVE;
				CLANG_CXX_LANGUAGE_STANDARD = "gnu++20";
				CLANG_ENABLE_MODULES = YES;
				CLANG_ENABLE_OBJC_ARC = YES;
				CLANG_ENABLE_OBJC_WEAK = YES;
				CLANG_WARN_BLOCK_CAPTURE_AUTORELEASING = YES;
				CLANG_WARN_BOOL_CONVERSION = YES;
				CLANG_WARN_COMMA = YES;
				CLANG_WARN_CONSTANT_CONVERSION = YES;
				CLANG_WARN_DEPRECATED_OBJC_IMPLEMENTATIONS = YES;
				CLANG_WARN_DIRECT_OBJC_ISA_USAGE = YES_ERROR;
				CLANG_WARN_DOCUMENTATION_COMMENTS = YES;
				CLANG_WARN_EMPTY_BODY = YES;
				CLANG_WARN_ENUM_CONVERSION = YES;
				CLANG_WARN_INFINITE_RECURSION = YES;
				CLANG_WARN_INT_CONVERSION = YES;
				CLANG_WARN_NON_LITERAL_NULL_CONVERSION = YES;
				CLANG_WARN_OBJC_IMPLICIT_RETAIN_SELF = YES;
				CLANG_WARN_OBJC_LITERAL_CONVERSION = YES;
				CLANG_WARN_OBJC_ROOT_CLASS = YES_ERROR;
				CLANG_WARN_QUOTED_INCLUDE_IN_FRAMEWORK_HEADER = YES;
				CLANG_WARN_RANGE_LOOP_ANALYSIS = YES;
				CLANG_WARN_STRICT_PROTOTYPES = YES;
				CLANG_WARN_SUSPICIOUS_MOVE = YES;
				CLANG_WARN_UNGUARDED_AVAILABILITY = YES_AGGRESSIVE;
				CLANG_WARN_UNREACHABLE_CODE = YES;
				CLANG_WARN__DUPLICATE_METHOD_MATCH = YES;
				COPY_PHASE_STRIP = NO;
				DEBUG_INFORMATION_FORMAT = "dwarf-with-dsym";
				ENABLE_NS_ASSERTIONS = NO;
				ENABLE_STRICT_OBJC_MSGSEND = YES;
				GCC_C_LANGUAGE_STANDARD = gnu11;
				GCC_NO_COMMON_BLOCKS = YES;
				GCC_WARN_64_TO_32_BIT_CONVERSION = YES;
				GCC_WARN_ABOUT_RETURN_TYPE = YES_ERROR;
				GCC_WARN_UNDECLARED_SELECTOR = YES;
				GCC_WARN_UNINITIALIZED_AUTOS = YES_AGGRESSIVE;
				GCC_WARN_UNUSED_FUNCTION = YES;
				GCC_WARN_UNUSED_VARIABLE = YES;
				IPHONEOS_DEPLOYMENT_TARGET = 16.4;
				MTL_ENABLE_DEBUG_INFO = NO;
				MTL_FAST_MATH = YES;
				SDKROOT = iphoneos;
				SWIFT_COMPILATION_MODE = wholemodule;
				SWIFT_OPTIMIZATION_LEVEL = "-O";
				VALIDATE_PRODUCT = YES;
			};
			name = Release;
		};
		9521482A2A44807900EF5E65 /* Debug */ = {
			isa = XCBuildConfiguration;
			buildSettings = {
				ASSETCATALOG_COMPILER_APPICON_NAME = AppIcon;
				ASSETCATALOG_COMPILER_GLOBAL_ACCENT_COLOR_NAME = AccentColor;
				CODE_SIGN_STYLE = Automatic;
				CURRENT_PROJECT_VERSION = 1;
				DEVELOPMENT_ASSET_PATHS = "\"AzureSpeech2/Preview Content\"";
				DEVELOPMENT_TEAM = J3Z5WCY42D;
				ENABLE_PREVIEWS = YES;
				GENERATE_INFOPLIST_FILE = YES;
				INFOPLIST_KEY_UIApplicationSceneManifest_Generation = YES;
				INFOPLIST_KEY_UIApplicationSupportsIndirectInputEvents = YES;
				INFOPLIST_KEY_UILaunchScreen_Generation = YES;
				INFOPLIST_KEY_UISupportedInterfaceOrientations_iPad = "UIInterfaceOrientationPortrait UIInterfaceOrientationPortraitUpsideDown UIInterfaceOrientationLandscapeLeft UIInterfaceOrientationLandscapeRight";
				INFOPLIST_KEY_UISupportedInterfaceOrientations_iPhone = "UIInterfaceOrientationPortrait UIInterfaceOrientationLandscapeLeft UIInterfaceOrientationLandscapeRight";
				LD_RUNPATH_SEARCH_PATHS = (
					"$(inherited)",
					"@executable_path/Frameworks",
				);
				MARKETING_VERSION = 1.0;
				PRODUCT_BUNDLE_IDENTIFIER = UIJM.AzureSpeech2;
				PRODUCT_NAME = "$(TARGET_NAME)";
				SWIFT_EMIT_LOC_STRINGS = YES;
				SWIFT_VERSION = 5.0;
				TARGETED_DEVICE_FAMILY = "1,2";
			};
			name = Debug;
		};
		9521482B2A44807900EF5E65 /* Release */ = {
			isa = XCBuildConfiguration;
			buildSettings = {
				ASSETCATALOG_COMPILER_APPICON_NAME = AppIcon;
				ASSETCATALOG_COMPILER_GLOBAL_ACCENT_COLOR_NAME = AccentColor;
				CODE_SIGN_STYLE = Automatic;
				CURRENT_PROJECT_VERSION = 1;
				DEVELOPMENT_ASSET_PATHS = "\"AzureSpeech2/Preview Content\"";
				DEVELOPMENT_TEAM = J3Z5WCY42D;
				ENABLE_PREVIEWS = YES;
				GENERATE_INFOPLIST_FILE = YES;
				INFOPLIST_KEY_UIApplicationSceneManifest_Generation = YES;
				INFOPLIST_KEY_UIApplicationSupportsIndirectInputEvents = YES;
				INFOPLIST_KEY_UILaunchScreen_Generation = YES;
				INFOPLIST_KEY_UISupportedInterfaceOrientations_iPad = "UIInterfaceOrientationPortrait UIInterfaceOrientationPortraitUpsideDown UIInterfaceOrientationLandscapeLeft UIInterfaceOrientationLandscapeRight";
				INFOPLIST_KEY_UISupportedInterfaceOrientations_iPhone = "UIInterfaceOrientationPortrait UIInterfaceOrientationLandscapeLeft UIInterfaceOrientationLandscapeRight";
				LD_RUNPATH_SEARCH_PATHS = (
					"$(inherited)",
					"@executable_path/Frameworks",
				);
				MARKETING_VERSION = 1.0;
				PRODUCT_BUNDLE_IDENTIFIER = UIJM.AzureSpeech2;
				PRODUCT_NAME = "$(TARGET_NAME)";
				SWIFT_EMIT_LOC_STRINGS = YES;
				SWIFT_VERSION = 5.0;
				TARGETED_DEVICE_FAMILY = "1,2";
			};
			name = Release;
		};
		9521482D2A44807900EF5E65 /* Debug */ = {
			isa = XCBuildConfiguration;
			buildSettings = {
				ALWAYS_EMBED_SWIFT_STANDARD_LIBRARIES = YES;
				BUNDLE_LOADER = "$(TEST_HOST)";
				CODE_SIGN_STYLE = Automatic;
				CURRENT_PROJECT_VERSION = 1;
				DEVELOPMENT_TEAM = J3Z5WCY42D;
				GENERATE_INFOPLIST_FILE = YES;
				IPHONEOS_DEPLOYMENT_TARGET = 16.4;
				MARKETING_VERSION = 1.0;
				PRODUCT_BUNDLE_IDENTIFIER = UIJM.AzureSpeech2Tests;
				PRODUCT_NAME = "$(TARGET_NAME)";
				SWIFT_EMIT_LOC_STRINGS = NO;
				SWIFT_VERSION = 5.0;
				TARGETED_DEVICE_FAMILY = "1,2";
				TEST_HOST = "$(BUILT_PRODUCTS_DIR)/AzureSpeech.app/$(BUNDLE_EXECUTABLE_FOLDER_PATH)/AzureSpeech";
			};
			name = Debug;
		};
		9521482E2A44807900EF5E65 /* Release */ = {
			isa = XCBuildConfiguration;
			buildSettings = {
				ALWAYS_EMBED_SWIFT_STANDARD_LIBRARIES = YES;
				BUNDLE_LOADER = "$(TEST_HOST)";
				CODE_SIGN_STYLE = Automatic;
				CURRENT_PROJECT_VERSION = 1;
				DEVELOPMENT_TEAM = J3Z5WCY42D;
				GENERATE_INFOPLIST_FILE = YES;
				IPHONEOS_DEPLOYMENT_TARGET = 16.4;
				MARKETING_VERSION = 1.0;
				PRODUCT_BUNDLE_IDENTIFIER = UIJM.AzureSpeech2Tests;
				PRODUCT_NAME = "$(TARGET_NAME)";
				SWIFT_EMIT_LOC_STRINGS = NO;
				SWIFT_VERSION = 5.0;
				TARGETED_DEVICE_FAMILY = "1,2";
				TEST_HOST = "$(BUILT_PRODUCTS_DIR)/AzureSpeech.app/$(BUNDLE_EXECUTABLE_FOLDER_PATH)/AzureSpeech";
			};
			name = Release;
		};
		952148302A44807900EF5E65 /* Debug */ = {
			isa = XCBuildConfiguration;
			buildSettings = {
				ALWAYS_EMBED_SWIFT_STANDARD_LIBRARIES = YES;
				CODE_SIGN_STYLE = Automatic;
				CURRENT_PROJECT_VERSION = 1;
				DEVELOPMENT_TEAM = J3Z5WCY42D;
				GENERATE_INFOPLIST_FILE = YES;
				MARKETING_VERSION = 1.0;
				PRODUCT_BUNDLE_IDENTIFIER = UIJM.AzureSpeech2UITests;
				PRODUCT_NAME = "$(TARGET_NAME)";
				SWIFT_EMIT_LOC_STRINGS = NO;
				SWIFT_VERSION = 5.0;
				TARGETED_DEVICE_FAMILY = "1,2";
				TEST_TARGET_NAME = AzureSpeech2;
			};
			name = Debug;
		};
		952148312A44807900EF5E65 /* Release */ = {
			isa = XCBuildConfiguration;
			buildSettings = {
				ALWAYS_EMBED_SWIFT_STANDARD_LIBRARIES = YES;
				CODE_SIGN_STYLE = Automatic;
				CURRENT_PROJECT_VERSION = 1;
				DEVELOPMENT_TEAM = J3Z5WCY42D;
				GENERATE_INFOPLIST_FILE = YES;
				MARKETING_VERSION = 1.0;
				PRODUCT_BUNDLE_IDENTIFIER = UIJM.AzureSpeech2UITests;
				PRODUCT_NAME = "$(TARGET_NAME)";
				SWIFT_EMIT_LOC_STRINGS = NO;
				SWIFT_VERSION = 5.0;
				TARGETED_DEVICE_FAMILY = "1,2";
				TEST_TARGET_NAME = AzureSpeech2;
			};
			name = Release;
		};
/* End XCBuildConfiguration section */

/* Begin XCConfigurationList section */
		952148002A44807800EF5E65 /* Build configuration list for PBXProject "AzureSpeech" */ = {
			isa = XCConfigurationList;
			buildConfigurations = (
				952148272A44807900EF5E65 /* Debug */,
				952148282A44807900EF5E65 /* Release */,
			);
			defaultConfigurationIsVisible = 0;
			defaultConfigurationName = Release;
		};
		952148292A44807900EF5E65 /* Build configuration list for PBXNativeTarget "AzureSpeech" */ = {
			isa = XCConfigurationList;
			buildConfigurations = (
				9521482A2A44807900EF5E65 /* Debug */,
				9521482B2A44807900EF5E65 /* Release */,
			);
			defaultConfigurationIsVisible = 0;
			defaultConfigurationName = Release;
		};
		9521482C2A44807900EF5E65 /* Build configuration list for PBXNativeTarget "AzureSpeechTests" */ = {
			isa = XCConfigurationList;
			buildConfigurations = (
				9521482D2A44807900EF5E65 /* Debug */,
				9521482E2A44807900EF5E65 /* Release */,
			);
			defaultConfigurationIsVisible = 0;
			defaultConfigurationName = Release;
		};
		9521482F2A44807900EF5E65 /* Build configuration list for PBXNativeTarget "AzureSpeechUITests" */ = {
			isa = XCConfigurationList;
			buildConfigurations = (
				952148302A44807900EF5E65 /* Debug */,
				952148312A44807900EF5E65 /* Release */,
			);
			defaultConfigurationIsVisible = 0;
			defaultConfigurationName = Release;
		};
/* End XCConfigurationList section */
	};
	rootObject = 952147FD2A44807800EF5E65 /* Project object */;
}
